
Microsoft Visual Studio Solution File, Format Version 12.00
# Visual Studio Version 17
VisualStudioVersion = 17.7.34024.191
MinimumVisualStudioVersion = 10.0.40219.1
Project("{8BC9CEB8-8B4A-11D0-8D11-00A0C91BC942}") = "pds_6", "pds_6\pds_6.vcxproj", "{E2F04585-6438-4A6D-AF85-86AF120D1823}"
EndProject
Project("{8BC9CEB8-8B4A-11D0-8D11-00A0C91BC942}") = "UnitTest1", "UnitTest1\UnitTest1.vcxproj", "{387F172F-5B1F-4BC5-B38D-F8EC30B70F8E}"
EndProject
Global
	GlobalSection(SolutionConfigurationPlatforms) = preSolution
		Debug|x64 = Debug|x64
		Debug|x86 = Debug|x86
		Release|x64 = Release|x64
		Release|x86 = Release|x86
	EndGlobalSection
	GlobalSection(ProjectConfigurationPlatforms) = postSolution
		{E2F04585-6438-4A6D-AF85-86AF120D1823}.Debug|x64.ActiveCfg = Debug|x64
		{E2F04585-6438-4A6D-AF85-86AF120D1823}.Debug|x64.Build.0 = Debug|x64
		{E2F04585-6438-4A6D-AF85-86AF120D1823}.Debug|x86.ActiveCfg = Debug|Win32
		{E2F04585-6438-4A6D-AF85-86AF120D1823}.Debug|x86.Build.0 = Debug|Win32
		{E2F04585-6438-4A6D-AF85-86AF120D1823}.Release|x64.ActiveCfg = Release|x64
		{E2F04585-6438-4A6D-AF85-86AF120D1823}.Release|x64.Build.0 = Release|x64
		{E2F04585-6438-4A6D-AF85-86AF120D1823}.Release|x86.ActiveCfg = Release|Win32
		{E2F04585-6438-4A6D-AF85-86AF120D1823}.Release|x86.Build.0 = Release|Win32
		{387F172F-5B1F-4BC5-B38D-F8EC30B70F8E}.Debug|x64.ActiveCfg = Debug|x64
		{387F172F-5B1F-4BC5-B38D-F8EC30B70F8E}.Debug|x64.Build.0 = Debug|x64
		{387F172F-5B1F-4BC5-B38D-F8EC30B70F8E}.Debug|x86.ActiveCfg = Debug|Win32
		{387F172F-5B1F-4BC5-B38D-F8EC30B70F8E}.Debug|x86.Build.0 = Debug|Win32
		{387F172F-5B1F-4BC5-B38D-F8EC30B70F8E}.Release|x64.ActiveCfg = Release|x64
		{387F172F-5B1F-4BC5-B38D-F8EC30B70F8E}.Release|x64.Build.0 = Release|x64
		{387F172F-5B1F-4BC5-B38D-F8EC30B70F8E}.Release|x86.ActiveCfg = Release|Win32
		{387F172F-5B1F-4BC5-B38D-F8EC30B70F8E}.Release|x86.Build.0 = Release|Win32
	EndGlobalSection
	GlobalSection(SolutionProperties) = preSolution
		HideSolutionNode = FALSE
	EndGlobalSection
	GlobalSection(ExtensibilityGlobals) = postSolution
		SolutionGuid = {7ADE3DC6-0456-4815-A4D6-A9FE9F99E0FA}
	EndGlobalSection
EndGlobal
